
Microsoft Visual Studio Solution File, Format Version 12.00
# Visual Studio Version 17
VisualStudioVersion = 17.5.33516.290
MinimumVisualStudioVersion = 10.0.40219.1
Project("{FAE04EC0-301F-11D3-BF4B-00C04F79EFBC}") = "VFSample", "VFSample\VFSample.csproj", "{EB0247CB-DC91-4586-B31B-DD73227076CE}"
EndProject
Global
	GlobalSection(SolutionConfigurationPlatforms) = preSolution
		Debug|Any CPU = Debug|Any CPU
		Release|Any CPU = Release|Any CPU
	EndGlobalSection
	GlobalSection(ProjectConfigurationPlatforms) = postSolution
		{EB0247CB-DC91-4586-B31B-DD73227076CE}.Debug|Any CPU.ActiveCfg = Debug|Any CPU
		{EB0247CB-DC91-4586-B31B-DD73227076CE}.Debug|Any CPU.Build.0 = Debug|Any CPU
		{EB0247CB-DC91-4586-B31B-DD73227076CE}.Release|Any CPU.ActiveCfg = Release|Any CPU
		{EB0247CB-DC91-4586-B31B-DD73227076CE}.Release|Any CPU.Build.0 = Release|Any CPU
	EndGlobalSection
	GlobalSection(SolutionProperties) = preSolution
		HideSolutionNode = FALSE
	EndGlobalSection
	GlobalSection(ExtensibilityGlobals) = postSolution
		SolutionGuid = {F8056088-CB37-42F4-B976-A80281DD5ED3}
	EndGlobalSection
EndGlobal
